{
    "_meta": {
        "hash": {
            "sha256": "fd845234b4bb9fa0029ec2cfa77855aacb64b3405d3bbd041aea57b853611630"
        },
        "pipfile-spec": 6,
        "requires": {
            "python_version": "3.9"
        },
        "sources": [
            {
                "name": "pypi",
                "url": "https://pypi.org/simple",
                "verify_ssl": true
            }
        ]
    },
    "default": {
        "asgiref": {
            "hashes": [
                "sha256:4ef1ab46b484e3c706329cedeff284a5d40824200638503f5768edb6de7d58e9",
                "sha256:ffc141aa908e6f175673e7b1b3b7af4fdb0ecb738fc5c8b88f69f055c2415214"
            ],
            "markers": "python_version >= '3.6'",
            "version": "==3.4.1"
        },
        "dj-database-url": {
            "hashes": [
                "sha256:4aeaeb1f573c74835b0686a2b46b85990571159ffc21aa57ecd4d1e1cb334163",
                "sha256:851785365761ebe4994a921b433062309eb882fedd318e1b0fcecc607ed02da9"
            ],
            "version": "==0.5.0"
        },
        "django": {
            "hashes": [
                "sha256:51284300f1522ffcdb07ccbdf676a307c6678659e1284f0618e5a774127a6a08",
                "sha256:e22c9266da3eec7827737cde57694d7db801fedac938d252bf27377cec06ed1b"
            ],
            "markers": "python_version >= '3.6'",
            "version": "==3.2.9"
        },
        "django-heroku": {
            "hashes": [
                "sha256:2bc690aab89eedbe01311752320a9a12e7548e3b0ed102681acc5736a41a4762",
                "sha256:6af4bc3ae4a9b55eaad6dbe5164918982d2762661aebc9f83d9fa49f6009514e"
            ],
            "index": "pypi",
            "version": "==0.3.1"
        },
        "djongo": {
            "hashes": [
                "sha256:2250d484d4b4025661c139162bafd359eabaffd0deeba18debc59df78a325dc7"
            ],
            "index": "pypi",
            "version": "==1.3.6"
        },
        "gunicorn": {
            "hashes": [
                "sha256:9dcc4547dbb1cb284accfb15ab5667a0e5d1881cc443e0677b4882a4067a807e",
                "sha256:e0a968b5ba15f8a328fdfd7ab1fcb5af4470c28aaf7e55df02a99bc13138e6e8"
            ],
            "index": "pypi",
            "version": "==20.1.0"
        },
        "psycopg2": {
            "hashes": [
                "sha256:26322c3f114de1f60c1b0febf8fdd595c221b4f624524178f515d07350a71bd1",
                "sha256:6796ac614412ce374587147150e56d03b7845c9e031b88aacdcadc880e81bb38",
                "sha256:77b9105ef37bc005b8ffbcb1ed6d8685bb0e8ce84773738aa56421a007ec5a7a",
                "sha256:77d09a79f9739b97099d2952bbbf18eaa4eaf825362387acbb9552ec1b3fa228",
                "sha256:91c7fd0fe9e6c118e8ff5b665bc3445781d3615fa78e131d0b4f8c85e8ca9ec8",
                "sha256:a761b60da0ecaf6a9866985bcde26327883ac3cdb90535ab68b8d784f02b05ef",
                "sha256:a84da9fa891848e0270e8e04dcca073bc9046441eeb47069f5c0e36783debbea",
                "sha256:b8816c6410fa08d2a022e4e38d128bae97c1855e176a00493d6ec62ccd606d57",
                "sha256:dfc32db6ce9ecc35a131320888b547199f79822b028934bb5b332f4169393e15",
                "sha256:f65cba7924363e0d2f416041b48ff69d559548f2cb168ff972c54e09e1e64db8",
                "sha256:fd7ddab7d6afee4e21c03c648c8b667b197104713e57ec404d5b74097af21e31"
            ],
            "markers": "python_version >= '3.6'",
            "version": "==2.9.2"
        },
        "psycopg2-binary": {
            "hashes": [
                "sha256:029e09a892b9ebc3c77851f69ce0720e1b72a9c6850460cee49b14dfbf9ccdd2",
                "sha256:108b0380969ddab7c8ef2a813a57f87b308b2f88ec15f1a1e7b653964a3cfb25",
                "sha256:14427437117f38e65f71db65d8eafd0e86837be456567798712b8da89db2b2dd",
                "sha256:234b1f48488b2f86aac04fb00cb04e5e9bcb960f34fa8a8e41b73149d581a93b",
                "sha256:2e4bbcfb403221ea1953f3e0a85cef00ed15c1683a66cf35c956a7e37c33a4c4",
                "sha256:2eecbdc5fa5886f2dd6cc673ce4291cc0fb8900965315268960ad9c2477f8276",
                "sha256:37c8f00f7a2860bac9f7a54f03c243fc1dd9b367e5b2b52f5a02e5f4e9d8c49b",
                "sha256:3865d0cd919349c45603bd7e80249a382c5ecf8106304cfd153282adf9684b6a",
                "sha256:3a320e7a804f3886a599fea507364aaafbb8387027fffcdfbd34d96316c806c7",
                "sha256:3ac83656ff4fbe7f2a956ab085e3eb1d678df54759965d509bdd6a06ce520d49",
                "sha256:497372cc76e6cbce2f51b37be141f360a321423c03eb9be45524b1d123f4cd11",
                "sha256:4c2dea4deac3dd3687e32daeb0712ee96c535970dfdded37a11de6a21145ab0e",
                "sha256:53912199abb626a7249c662e72b70b4f57bf37f840599cec68625171435790dd",
                "sha256:5671699aff57d22a245b7f4bba89e3de97dc841c5e98bd7f685429b2b20eca47",
                "sha256:578c279cd1ce04f05ae0912530ece00bab92854911808e5aec27588aba87e361",
                "sha256:717525cdc97b23182ff6f470fb5bf6f0bc796b5a7000c6f6699d6679991e4a5e",
                "sha256:7585ca73dcfe326f31fafa8f96e6bb98ea9e9e46c7a1924ec8101d797914ae27",
                "sha256:7e6bd4f532c2cd297b81114526176b240109a1c52020adca69c3f3226c65dc18",
                "sha256:8d2aafe46eb87742425ece38130510fbb035787ee89a329af299029c4d9ae318",
                "sha256:9c0aaad07941419926b9bd00171e49fe6b06e42e5527fb91671e137fe6c93d77",
                "sha256:a04cfa231e7d9b63639e62166a4051cb47ca599fa341463fa3e1c48585fcee64",
                "sha256:a1852c5bef7e5f52bd43fde5eda610d4df0fb2efc31028150933e84b4140d47a",
                "sha256:a507db7758953b1b170c4310691a1a89877029b1e11b08ba5fc8ae3ddb35596b",
                "sha256:a77e98c68b0e6c51d4d6a994d22b30e77276cbd33e4aabdde03b9ad3a2c148aa",
                "sha256:aa2847d8073951dbc84c4f8b32c620764db3c2eb0d99a04835fecfab7d04816e",
                "sha256:b592f09ff18cfcc9037b9a976fcd62db48cae9dbd5385f2471d4c2ba40c52b4d",
                "sha256:b9d45374ba98c1184df9cce93a0b766097544f8bdfcd5de83ff10f939c193125",
                "sha256:bf31e6fdb4ec1f6d98a07f48836508ed6edd19b48b13bbf168fbc1bd014b4ca2",
                "sha256:c0e1fb7097ded2cc44d9037cfc68ad86a30341261492e7de95d180e534969fb2",
                "sha256:c6e16e085fe6dc6c099ee0be56657aa9ad71027465ef9591d302ba230c404c7e",
                "sha256:daf6b5c62eb738872d61a1fa740d7768904911ba5a7e055ed72169d379b58beb",
                "sha256:db1b03c189f85b8df29030ad32d521dd7dcb862fd5f8892035314f5b886e70ce",
                "sha256:eeee7b18c51d02e49bf1984d7af26e8843fe68e31fa1cbab5366ebdfa1c89ade",
                "sha256:ef97578fab5115e3af4334dd3376dea3c3a79328a3314b21ec7ced02920b916d",
                "sha256:f4dff0f15af6936c6fe6da7067b4216edbbe076ad8625da819cc066591b1133c",
                "sha256:f9c37ecb173d76cf49e519133fd70851b8f9c38b6b8c1cb7fcfc71368d4cc6fc"
            ],
            "index": "pypi",
            "version": "==2.9.2"
        },
        "pymongo": {
            "hashes": [
                "sha256:079ccc5650003a35bdaf5e9de28af287ef58cf589588530f63c7a8efdabbc0d9",
                "sha256:12a292d4d5d369e36cecf88d617d5dcb6529e2639d69ec61187fd625481bfe2a",
                "sha256:12ba7b97d22f99907f38e3da34ec255337f1a7417166723395d8aea8e72fd25a",
                "sha256:1aa08a23c909a8322f363d786eacb0f2b55ba200564dd0ab07fc6f410566e8e6",
                "sha256:1acc9adf62ba9fb6cf8cb372a2b3e48e7df187dacdc28a132f604497d5befe84",
                "sha256:1bda860cd9d5ea4eeb53f845686ed621d2c0c29243d6a2c779abf2d3c134cec8",
                "sha256:216d8f01e5fd5be183477b00b6bc7ca40199b325c28068684d8ea47c5eed66a8",
                "sha256:21ae2545ee5d305ad0ced705df7e6996706d1af8ac5ffb498ad49c29218377d5",
                "sha256:25ce114469951b6dbff18440c752e430a2ae56ffffe08c7580d4b9d3d0ab9be6",
                "sha256:27191394035cc12a5ecc0f412a6115e2a1cabf012b556717fb02ec6b3c227b24",
                "sha256:320768a41bc4d5455dcf6ff9bf56075fc1b5c1ff866df4d8f0e4c01756403b78",
                "sha256:3492b17cec867f769ac53277a5416f2e8e9b73ab0aac46c7b5dd6ad73dbd337b",
                "sha256:405e22eac37588d1a444acf3a811848f8adee06ee3907434518e96f2b420dd07",
                "sha256:40f819ca65053ea76ceb1c2ae6767f8b1e29c55eb701e690ba8f476b49eb72b0",
                "sha256:41ce9e1f4f5383a6d42fe36da2fe698ea88cd1b87f1d35d53a1987e6d0e94e87",
                "sha256:437191af89005a5c796c2a46fb62916acdf317eb56bbd27de355712cb873d50c",
                "sha256:44739efada6099dfc9a035b176053b8926eef2455d6ae7485b0ff6d41c65355e",
                "sha256:476b1dac1ef6e703d9d261d86f4d8f4f3d4f6a6d673a5eb1cd65ba66aa86ea2e",
                "sha256:48e2234861e0a8461e29b9b5506cb6d0b171272856ac3f1fe15abdf98d23d142",
                "sha256:49ac9406546db0493afc0d4ad16e6ac582be2cb78207b2a9c3041cab6b1c8459",
                "sha256:4aaf7e50fcba709b6c3370cedb6b9ff42300317593e3592c5d4798ef0dd3a386",
                "sha256:5426102eaaaf9665dae0eda84aacf8b06fc484e67b0775b50915bf737cca3ba3",
                "sha256:5473605b0e78df45faa313020209e13127ed975dd563f0b0c5dd689ced99534a",
                "sha256:591f182f9537c608f41484a14a2a24c25030c4fe96bc02e276d09ceb89207f87",
                "sha256:5a3f892b66913b8329ef132e2c9f425afb540621f6c8914aa7f2407ebaea90d2",
                "sha256:5b9f3238d5481e60984d85409a8fa67284f268826491d3a609d1dba8c8a36035",
                "sha256:5bc7fa3dba2c10246d646801d765d6ce08174e55c3dee03e4061a3c6528b575f",
                "sha256:5cabe3efc64806adc7d3b3090d52eb3b13c0875f5c467d3578820c2e62d80368",
                "sha256:5e10d3aacc3838637530f2c45a70815c99aae613486116438152bd0e3f3f5796",
                "sha256:645ac39d7455751cabb1694e5a7d427b35292e98b06df71e7ec1e3cf02ae8753",
                "sha256:67963dad4a46fb3137bc3195cc302cc115ddd956edb1ef6849d29b6af6645a18",
                "sha256:6b54be4658c203f03be1826bb82bccd1e7da251b538dadc091694e6d1cc6e319",
                "sha256:6d158eadba3aaab276a3b188b7f467ab0384b68c1d31cfa87335e52addd9dcb6",
                "sha256:740219c386b1d17fa09006d707f9ed256ad0ba2fcd150ec881f847bb9ea2e74e",
                "sha256:7630f426267fc1cc9a1ff6886725af64a64ca7651841752b0c7d3a833dd3fd6a",
                "sha256:79bd06d8e1b3723bdba9978f968e38133223913d04782786a2d2b17b486f0e97",
                "sha256:7f4b193b6e59bf0cd39dfd0f15356c1c33d90cdc260609c1bc67e06a0c086538",
                "sha256:7f9a2ebe31296632ea2138816a77204755b2f5a73e1d1dd79d318e456b19325b",
                "sha256:875ae1779d9a19d26a9c91b17e0c33aa292925fab800934756325a77c8dfa4ee",
                "sha256:8c1f016b54971a9b28f0c4a284690df6ff090e9538101c23a3fabd1ea4b38f5d",
                "sha256:8c7dcaa2ac718dc9815ab63bef1b27d6527907767c4a2e5e52534950385f8abd",
                "sha256:8d7c427b27467dbad42eafaee15be71a0d61d7052928384eaaef0bbff2224fbc",
                "sha256:904c0b3e2d3d692048ebdda7b3abb0e3d473f86bbfb327fa13bbb79f9653e9b4",
                "sha256:913380d5ebad5f20e03132aff50e2836a5559d8a37a3ed83fb0e946819809671",
                "sha256:98c56353bfd6525f8aee9c4e7764184309d9f89afa6592ae90537a73ab05203f",
                "sha256:9d19d703ed037eacba2526fcbda4fd4ead4f1cc47c9a0e16314188a617ff0847",
                "sha256:a08894de674411d269067e9dc6a97c7c5dbcaa052853e3348b79c5227325cd01",
                "sha256:a0d3b18d3d4872c0d9173abb1e2b5488801479cafe0af77e8ac65f05471fa51f",
                "sha256:a258893fdd9d7f03df956cc68c764b62e009881da6abff2efd21b82a754dcfa5",
                "sha256:a513669ccd392f454f332145a4c8dafe5427230c00c728b04ce7d7d75979f7d3",
                "sha256:ab296199d733d71dd6db040acfc05d2d5e8487c0bfc4993cc1be0b89da706839",
                "sha256:acf39affbd87a34f5b1762f90291c1aeff4d563e436b0a022ee6ff51c0030142",
                "sha256:ae90c98310e36007aca309b4d7cffa66210709684544cff63dd82e146149d599",
                "sha256:b25abf8b3dc6dbeb196892148c5749494379ff7ecb2d4174afe1ef90df9d6ec2",
                "sha256:b44fac7263f5b50bc49341c97799d3dc5058fc301af3e9d2d68785e8dd36af01",
                "sha256:b532cea43cb230d8b3c152b4d210e5a6c86e6d3af6c58814684da6d3ee7124b8",
                "sha256:b715059733276c25b7b1158a3a1f7abd62c69658e40f9f6a6ad73e3b2c0430b7",
                "sha256:b7256fa9e4be59683b0c739c8d83379a1be1d33f6c41bd380585ac77e4af4277",
                "sha256:b748c1028b5be7bd91e191d7a36beebbbd55efcd3390171bd90a55406e8f1689",
                "sha256:b994399f07e5b988c66b9536270a6bd7c3a8427dfdcf7ab61ec37c974edf4b17",
                "sha256:bd88a468322d8f46b9c01ac68a546639fa52b55f560719c357ab9b3a08bfedab",
                "sha256:c23cbad76e38a639d15293f88090105c7bb3be9246f8760246aa76513122329c",
                "sha256:c272feeda5df8c7b535c631c97d53c2af51f020f8c87945bb52e0f455eebbc27",
                "sha256:c6090804a448d84d68864ae469fecbf7e9a58492c4fccb3a9fcfda54ef36332f",
                "sha256:c83bc8099210255cd4106abf216fd7161f237cc0e280458c0ac33fdccc2334fd",
                "sha256:cb4b250e9d1ca14d971e8b5f16b935a68502905a26161e4f815a46f1cf969874",
                "sha256:cbab4fa54af28397be987b33b8af67b1d8bbaa9e45411d0b56f76c540ec5a43c",
                "sha256:cf5b825ce34c1f5afca28eea7453282b7eda180fdda0a20d3156f1704ad055dc",
                "sha256:d2cd0a603a38fc6dcbf066569ac458e1d2b4ad97c4491634993cb0d62394a293",
                "sha256:d5d34bfef25bffc9e7e61c023d72d7c98198e26bf0fbd93e6e2537a12ec76174",
                "sha256:db9bd17e1ad0e0306ca1eecd1928387f3318b650aa2fa01233c203687e353f72",
                "sha256:e06ccac45cf88f5b26015b2ba44899f2105604bededf7dc5c6a9aa2b8010d7ac",
                "sha256:e46d77ca3585fd34ab8c9d78d3642fd71a9b3a8fdb38ca8b53562a5ebf90daa7",
                "sha256:e696e0b9fcdfb46f40d9f5827363d96bed423dbb033c590ba80d92ff9290fee4",
                "sha256:e859562f42008de8e343015040a1905af5fd5db2be04c03cf1cd1f082ea2b094",
                "sha256:ed87e97929c2b4e786c85eb210975bb2ed7d85b353e0a182d816806b05a03a9d",
                "sha256:eea7bd8d5e5ff9e3ebdca394a806b65b4daae2e1e21e9626a377a9f547b1931f",
                "sha256:efcc913131d638ed8f2ff5e028a72423215a8a7fa610c5b2ac643f476e82fce5",
                "sha256:f95d5643cf40eda159efffeb6f6709044ba403cea8817f9f288dd83907e865d9",
                "sha256:f9c9c067510b82fb123fa99f45264c54041380bba81be28315df0fcf1547153d",
                "sha256:f9e2903221062c9cd9c593a3d840f87956e11615a12fbdf848604a5d4ba0e75f",
                "sha256:fccc202c5e8888d4761527e13e68da3740b7f2f07cf157affc60cb161cc791a7",
                "sha256:fd590ce5c8f3fea1d9a0d33dd08076c8adf1e0fb90fc81788863c085a8e00f55"
            ],
            "markers": "python_version >= '3.6'",
            "version": "==4.0"
        },
        "pytz": {
            "hashes": [
                "sha256:3672058bc3453457b622aab7a1c3bfd5ab0bdae451512f6cf25f64ed37f5b87c",
                "sha256:acad2d8b20a1af07d4e4c9d2e9285c5ed9104354062f275f3fcd88dcef4f1326"
            ],
            "version": "==2021.3"
        },
        "setuptools": {
            "hashes": [
                "sha256:b4c634615a0cf5b02cf83c7bedffc8da0ca439f00e79452699454da6fbd4153d",
                "sha256:feb5ff19b354cde9efd2344ef6d5e79880ce4be643037641b49508bbb850d060"
            ],
            "markers": "python_version >= '3.6'",
            "version": "==59.4.0"
        },
        "sqlparse": {
            "hashes": [
                "sha256:ce028444cfab83be538752a2ffdb56bc417b7784ff35bb9a3062413717807dec",
                "sha256:d9cf190f51cbb26da0412247dfe4fb5f4098edb73db84e02f9fc21fdca31fed4"
            ],
            "markers": "python_version >= '3.5'",
            "version": "==0.2.4"
        },
        "whitenoise": {
            "hashes": [
                "sha256:d234b871b52271ae7ed6d9da47ffe857c76568f11dd30e28e18c5869dbd11e12",
                "sha256:d963ef25639d1417e8a247be36e6aedd8c7c6f0a08adcb5a89146980a96b577c"
            ],
            "markers": "python_version >= '3.5' and python_version < '4'",
            "version": "==5.3.0"
        }
    },
    "develop": {}
}
